// !$*UTF8*$!
{
	archiveVersion = 1;
	classes = {
	};
	objectVersion = 50;
	objects = {

/* Begin PBXBuildFile section */
		94277D2423C2FE6600637C7F /* AppDelegate.swift in Sources */ = {isa = PBXBuildFile; fileRef = 94277D2323C2FE6600637C7F /* AppDelegate.swift */; };
		94277D2623C2FE6600637C7F /* SceneDelegate.swift in Sources */ = {isa = PBXBuildFile; fileRef = 94277D2523C2FE6600637C7F /* SceneDelegate.swift */; };
		94277D2B23C2FE6600637C7F /* Main.storyboard in Resources */ = {isa = PBXBuildFile; fileRef = 94277D2923C2FE6600637C7F /* Main.storyboard */; };
		94277D2D23C2FE6C00637C7F /* Assets.xcassets in Resources */ = {isa = PBXBuildFile; fileRef = 94277D2C23C2FE6C00637C7F /* Assets.xcassets */; };
		94277D3023C2FE6C00637C7F /* LaunchScreen.storyboard in Resources */ = {isa = PBXBuildFile; fileRef = 94277D2E23C2FE6C00637C7F /* LaunchScreen.storyboard */; };
		94277D3B23C2FE6C00637C7F /* toDoTests.swift in Sources */ = {isa = PBXBuildFile; fileRef = 94277D3A23C2FE6C00637C7F /* toDoTests.swift */; };
		94277D4623C2FE6C00637C7F /* toDoUITests.swift in Sources */ = {isa = PBXBuildFile; fileRef = 94277D4523C2FE6C00637C7F /* toDoUITests.swift */; };
		94277D5623C589FA00637C7F /* firstButtonViewController.swift in Sources */ = {isa = PBXBuildFile; fileRef = 94277D5523C589FA00637C7F /* firstButtonViewController.swift */; };
		94277D5823C597E000637C7F /* yearCell.swift in Sources */ = {isa = PBXBuildFile; fileRef = 94277D5723C597E000637C7F /* yearCell.swift */; };
/* End PBXBuildFile section */

/* Begin PBXContainerItemProxy section */
		94277D3723C2FE6C00637C7F /* PBXContainerItemProxy */ = {
			isa = PBXContainerItemProxy;
			containerPortal = 94277D1823C2FE6600637C7F /* Project object */;
			proxyType = 1;
			remoteGlobalIDString = 94277D1F23C2FE6600637C7F;
			remoteInfo = toDo;
		};
		94277D4223C2FE6C00637C7F /* PBXContainerItemProxy */ = {
			isa = PBXContainerItemProxy;
			containerPortal = 94277D1823C2FE6600637C7F /* Project object */;
			proxyType = 1;
			remoteGlobalIDString = 94277D1F23C2FE6600637C7F;
			remoteInfo = toDo;
		};
/* End PBXContainerItemProxy section */

/* Begin PBXFileReference section */
		94277D2023C2FE6600637C7F /* toDo.app */ = {isa = PBXFileReference; explicitFileType = wrapper.application; includeInIndex = 0; path = toDo.app; sourceTree = BUILT_PRODUCTS_DIR; };
		94277D2323C2FE6600637C7F /* AppDelegate.swift */ = {isa = PBXFileReference; lastKnownFileType = sourcecode.swift; path = AppDelegate.swift; sourceTree = "<group>"; };
		94277D2523C2FE6600637C7F /* SceneDelegate.swift */ = {isa = PBXFileReference; lastKnownFileType = sourcecode.swift; path = SceneDelegate.swift; sourceTree = "<group>"; };
		94277D2A23C2FE6600637C7F /* Base */ = {isa = PBXFileReference; lastKnownFileType = file.storyboard; name = Base; path = Base.lproj/Main.storyboard; sourceTree = "<group>"; };
		94277D2C23C2FE6C00637C7F /* Assets.xcassets */ = {isa = PBXFileReference; lastKnownFileType = folder.assetcatalog; path = Assets.xcassets; sourceTree = "<group>"; };
		94277D2F23C2FE6C00637C7F /* Base */ = {isa = PBXFileReference; lastKnownFileType = file.storyboard; name = Base; path = Base.lproj/LaunchScreen.storyboard; sourceTree = "<group>"; };
		94277D3123C2FE6C00637C7F /* Info.plist */ = {isa = PBXFileReference; lastKnownFileType = text.plist.xml; path = Info.plist; sourceTree = "<group>"; };
		94277D3623C2FE6C00637C7F /* toDoTests.xctest */ = {isa = PBXFileReference; explicitFileType = wrapper.cfbundle; includeInIndex = 0; path = toDoTests.xctest; sourceTree = BUILT_PRODUCTS_DIR; };
		94277D3A23C2FE6C00637C7F /* toDoTests.swift */ = {isa = PBXFileReference; lastKnownFileType = sourcecode.swift; path = toDoTests.swift; sourceTree = "<group>"; };
		94277D3C23C2FE6C00637C7F /* Info.plist */ = {isa = PBXFileReference; lastKnownFileType = text.plist.xml; path = Info.plist; sourceTree = "<group>"; };
		94277D4123C2FE6C00637C7F /* toDoUITests.xctest */ = {isa = PBXFileReference; explicitFileType = wrapper.cfbundle; includeInIndex = 0; path = toDoUITests.xctest; sourceTree = BUILT_PRODUCTS_DIR; };
		94277D4523C2FE6C00637C7F /* toDoUITests.swift */ = {isa = PBXFileReference; lastKnownFileType = sourcecode.swift; path = toDoUITests.swift; sourceTree = "<group>"; };
		94277D4723C2FE6C00637C7F /* Info.plist */ = {isa = PBXFileReference; lastKnownFileType = text.plist.xml; path = Info.plist; sourceTree = "<group>"; };
		94277D5523C589FA00637C7F /* firstButtonViewController.swift */ = {isa = PBXFileReference; lastKnownFileType = sourcecode.swift; path = firstButtonViewController.swift; sourceTree = "<group>"; };
		94277D5723C597E000637C7F /* yearCell.swift */ = {isa = PBXFileReference; lastKnownFileType = sourcecode.swift; path = yearCell.swift; sourceTree = "<group>"; };
/* End PBXFileReference section */

/* Begin PBXFrameworksBuildPhase section */
		94277D1D23C2FE6600637C7F /* Frameworks */ = {
			isa = PBXFrameworksBuildPhase;
			buildActionMask = 2147483647;
			files = (
			);
			runOnlyForDeploymentPostprocessing = 0;
		};
		94277D3323C2FE6C00637C7F /* Frameworks */ = {
			isa = PBXFrameworksBuildPhase;
			buildActionMask = 2147483647;
			files = (
			);
			runOnlyForDeploymentPostprocessing = 0;
		};
		94277D3E23C2FE6C00637C7F /* Frameworks */ = {
			isa = PBXFrameworksBuildPhase;
			buildActionMask = 2147483647;
			files = (
			);
			runOnlyForDeploymentPostprocessing = 0;
		};
/* End PBXFrameworksBuildPhase section */

/* Begin PBXGroup section */
		94277D1723C2FE6600637C7F = {
			isa = PBXGroup;
			children = (
				94277D2223C2FE6600637C7F /* toDo */,
				94277D3923C2FE6C00637C7F /* toDoTests */,
				94277D4423C2FE6C00637C7F /* toDoUITests */,
				94277D2123C2FE6600637C7F /* Products */,
			);
			sourceTree = "<group>";
		};
		94277D2123C2FE6600637C7F /* Products */ = {
			isa = PBXGroup;
			children = (
				94277D2023C2FE6600637C7F /* toDo.app */,
				94277D3623C2FE6C00637C7F /* toDoTests.xctest */,
				94277D4123C2FE6C00637C7F /* toDoUITests.xctest */,
			);
			name = Products;
			sourceTree = "<group>";
		};
		94277D2223C2FE6600637C7F /* toDo */ = {
			isa = PBXGroup;
			children = (
				94277D2323C2FE6600637C7F /* AppDelegate.swift */,
				94277D2523C2FE6600637C7F /* SceneDelegate.swift */,
				94277D5523C589FA00637C7F /* firstButtonViewController.swift */,
				94277D5723C597E000637C7F /* yearCell.swift */,
				94277D2923C2FE6600637C7F /* Main.storyboard */,
				94277D2C23C2FE6C00637C7F /* Assets.xcassets */,
				94277D2E23C2FE6C00637C7F /* LaunchScreen.storyboard */,
				94277D3123C2FE6C00637C7F /* Info.plist */,
			);
			path = toDo;
			sourceTree = "<group>";
		};
		94277D3923C2FE6C00637C7F /* toDoTests */ = {
			isa = PBXGroup;
			children = (
				94277D3A23C2FE6C00637C7F /* toDoTests.swift */,
				94277D3C23C2FE6C00637C7F /* Info.plist */,
			);
			path = toDoTests;
			sourceTree = "<group>";
		};
		94277D4423C2FE6C00637C7F /* toDoUITests */ = {
			isa = PBXGroup;
			children = (
				94277D4523C2FE6C00637C7F /* toDoUITests.swift */,
				94277D4723C2FE6C00637C7F /* Info.plist */,
			);
			path = toDoUITests;
			sourceTree = "<group>";
		};
/* End PBXGroup section */

/* Begin PBXNativeTarget section */
		94277D1F23C2FE6600637C7F /* toDo */ = {
			isa = PBXNativeTarget;
			buildConfigurationList = 94277D4A23C2FE6C00637C7F /* Build configuration list for PBXNativeTarget "toDo" */;
			buildPhases = (
				94277D1C23C2FE6600637C7F /* Sources */,
				94277D1D23C2FE6600637C7F /* Frameworks */,
				94277D1E23C2FE6600637C7F /* Resources */,
			);
			buildRules = (
			);
			dependencies = (
			);
			name = toDo;
			productName = toDo;
			productReference = 94277D2023C2FE6600637C7F /* toDo.app */;
			productType = "com.apple.product-type.application";
		};
		94277D3523C2FE6C00637C7F /* toDoTests */ = {
			isa = PBXNativeTarget;
			buildConfigurationList = 94277D4D23C2FE6C00637C7F /* Build configuration list for PBXNativeTarget "toDoTests" */;
			buildPhases = (
				94277D3223C2FE6C00637C7F /* Sources */,
				94277D3323C2FE6C00637C7F /* Frameworks */,
				94277D3423C2FE6C00637C7F /* Resources */,
			);
			buildRules = (
			);
			dependencies = (
				94277D3823C2FE6C00637C7F /* PBXTargetDependency */,
			);
			name = toDoTests;
			productName = toDoTests;
			productReference = 94277D3623C2FE6C00637C7F /* toDoTests.xctest */;
			productType = "com.apple.product-type.bundle.unit-test";
		};
		94277D4023C2FE6C00637C7F /* toDoUITests */ = {
			isa = PBXNativeTarget;
			buildConfigurationList = 94277D5023C2FE6C00637C7F /* Build configuration list for PBXNativeTarget "toDoUITests" */;
			buildPhases = (
				94277D3D23C2FE6C00637C7F /* Sources */,
				94277D3E23C2FE6C00637C7F /* Frameworks */,
				94277D3F23C2FE6C00637C7F /* Resources */,
			);
			buildRules = (
			);
			dependencies = (
				94277D4323C2FE6C00637C7F /* PBXTargetDependency */,
			);
			name = toDoUITests;
			productName = toDoUITests;
			productReference = 94277D4123C2FE6C00637C7F /* toDoUITests.xctest */;
			productType = "com.apple.product-type.bundle.ui-testing";
		};
/* End PBXNativeTarget section */

/* Begin PBXProject section */
		94277D1823C2FE6600637C7F /* Project object */ = {
			isa = PBXProject;
			attributes = {
				LastSwiftUpdateCheck = 1130;
				LastUpgradeCheck = 1130;
				ORGANIZATIONNAME = "Chakane Shegog";
				TargetAttributes = {
					94277D1F23C2FE6600637C7F = {
						CreatedOnToolsVersion = 11.3;
					};
					94277D3523C2FE6C00637C7F = {
						CreatedOnToolsVersion = 11.3;
						TestTargetID = 94277D1F23C2FE6600637C7F;
					};
					94277D4023C2FE6C00637C7F = {
						CreatedOnToolsVersion = 11.3;
						TestTargetID = 94277D1F23C2FE6600637C7F;
					};
				};
			};
			buildConfigurationList = 94277D1B23C2FE6600637C7F /* Build configuration list for PBXProject "toDo" */;
			compatibilityVersion = "Xcode 9.3";
			developmentRegion = en;
			hasScannedForEncodings = 0;
			knownRegions = (
				en,
				Base,
			);
			mainGroup = 94277D1723C2FE6600637C7F;
			productRefGroup = 94277D2123C2FE6600637C7F /* Products */;
			projectDirPath = "";
			projectRoot = "";
			targets = (
				94277D1F23C2FE6600637C7F /* toDo */,
				94277D3523C2FE6C00637C7F /* toDoTests */,
				94277D4023C2FE6C00637C7F /* toDoUITests */,
			);
		};
/* End PBXProject section */

/* Begin PBXResourcesBuildPhase section */
		94277D1E23C2FE6600637C7F /* Resources */ = {
			isa = PBXResourcesBuildPhase;
			buildActionMask = 2147483647;
			files = (
				94277D3023C2FE6C00637C7F /* LaunchScreen.storyboard in Resources */,
				94277D2D23C2FE6C00637C7F /* Assets.xcassets in Resources */,
				94277D2B23C2FE6600637C7F /* Main.storyboard in Resources */,
			);
			runOnlyForDeploymentPostprocessing = 0;
		};
		94277D3423C2FE6C00637C7F /* Resources */ = {
			isa = PBXResourcesBuildPhase;
			buildActionMask = 2147483647;
			files = (
			);
			runOnlyForDeploymentPostprocessing = 0;
		};
		94277D3F23C2FE6C00637C7F /* Resources */ = {
			isa = PBXResourcesBuildPhase;
			buildActionMask = 2147483647;
			files = (
			);
			runOnlyForDeploymentPostprocessing = 0;
		};
/* End PBXResourcesBuildPhase section */

/* Begin PBXSourcesBuildPhase section */
		94277D1C23C2FE6600637C7F /* Sources */ = {
			isa = PBXSourcesBuildPhase;
			buildActionMask = 2147483647;
			files = (
				94277D5823C597E000637C7F /* yearCell.swift in Sources */,
				94277D2423C2FE6600637C7F /* AppDelegate.swift in Sources */,
				94277D5623C589FA00637C7F /* firstButtonViewController.swift in Sources */,
				94277D2623C2FE6600637C7F /* SceneDelegate.swift in Sources */,
			);
			runOnlyForDeploymentPostprocessing = 0;
		};
		94277D3223C2FE6C00637C7F /* Sources */ = {
			isa = PBXSourcesBuildPhase;
			buildActionMask = 2147483647;
			files = (
				94277D3B23C2FE6C00637C7F /* toDoTests.swift in Sources */,
			);
			runOnlyForDeploymentPostprocessing = 0;
		};
		94277D3D23C2FE6C00637C7F /* Sources */ = {
			isa = PBXSourcesBuildPhase;
			buildActionMask = 2147483647;
			files = (
				94277D4623C2FE6C00637C7F /* toDoUITests.swift in Sources */,
			);
			runOnlyForDeploymentPostprocessing = 0;
		};
/* End PBXSourcesBuildPhase section */

/* Begin PBXTargetDependency section */
		94277D3823C2FE6C00637C7F /* PBXTargetDependency */ = {
			isa = PBXTargetDependency;
			target = 94277D1F23C2FE6600637C7F /* toDo */;
			targetProxy = 94277D3723C2FE6C00637C7F /* PBXContainerItemProxy */;
		};
		94277D4323C2FE6C00637C7F /* PBXTargetDependency */ = {
			isa = PBXTargetDependency;
			target = 94277D1F23C2FE6600637C7F /* toDo */;
			targetProxy = 94277D4223C2FE6C00637C7F /* PBXContainerItemProxy */;
		};
/* End PBXTargetDependency section */

/* Begin PBXVariantGroup section */
		94277D2923C2FE6600637C7F /* Main.storyboard */ = {
			isa = PBXVariantGroup;
			children = (
				94277D2A23C2FE6600637C7F /* Base */,
			);
			name = Main.storyboard;
			sourceTree = "<group>";
		};
		94277D2E23C2FE6C00637C7F /* LaunchScreen.storyboard */ = {
			isa = PBXVariantGroup;
			children = (
				94277D2F23C2FE6C00637C7F /* Base */,
			);
			name = LaunchScreen.storyboard;
			sourceTree = "<group>";
		};
/* End PBXVariantGroup section */

/* Begin XCBuildConfiguration section */
		94277D4823C2FE6C00637C7F /* Debug */ = {
			isa = XCBuildConfiguration;
			buildSettings = {
				ALWAYS_SEARCH_USER_PATHS = NO;
				CLANG_ANALYZER_NONNULL = YES;
				CLANG_ANALYZER_NUMBER_OBJECT_CONVERSION = YES_AGGRESSIVE;
				CLANG_CXX_LANGUAGE_STANDARD = "gnu++14";
				CLANG_CXX_LIBRARY = "libc++";
				CLANG_ENABLE_MODULES = YES;
				CLANG_ENABLE_OBJC_ARC = YES;
				CLANG_ENABLE_OBJC_WEAK = YES;
				CLANG_WARN_BLOCK_CAPTURE_AUTORELEASING = YES;
				CLANG_WARN_BOOL_CONVERSION = YES;
				CLANG_WARN_COMMA = YES;
				CLANG_WARN_CONSTANT_CONVERSION = YES;
				CLANG_WARN_DEPRECATED_OBJC_IMPLEMENTATIONS = YES;
				CLANG_WARN_DIRECT_OBJC_ISA_USAGE = YES_ERROR;
				CLANG_WARN_DOCUMENTATION_COMMENTS = YES;
				CLANG_WARN_EMPTY_BODY = YES;
				CLANG_WARN_ENUM_CONVERSION = YES;
				CLANG_WARN_INFINITE_RECURSION = YES;
				CLANG_WARN_INT_CONVERSION = YES;
				CLANG_WARN_NON_LITERAL_NULL_CONVERSION = YES;
				CLANG_WARN_OBJC_IMPLICIT_RETAIN_SELF = YES;
				CLANG_WARN_OBJC_LITERAL_CONVERSION = YES;
				CLANG_WARN_OBJC_ROOT_CLASS = YES_ERROR;
				CLANG_WARN_RANGE_LOOP_ANALYSIS = YES;
				CLANG_WARN_STRICT_PROTOTYPES = YES;
				CLANG_WARN_SUSPICIOUS_MOVE = YES;
				CLANG_WARN_UNGUARDED_AVAILABILITY = YES_AGGRESSIVE;
				CLANG_WARN_UNREACHABLE_CODE = YES;
				CLANG_WARN__DUPLICATE_METHOD_MATCH = YES;
				COPY_PHASE_STRIP = NO;
				DEBUG_INFORMATION_FORMAT = dwarf;
				ENABLE_STRICT_OBJC_MSGSEND = YES;
				ENABLE_TESTABILITY = YES;
				GCC_C_LANGUAGE_STANDARD = gnu11;
				GCC_DYNAMIC_NO_PIC = NO;
				GCC_NO_COMMON_BLOCKS = YES;
				GCC_OPTIMIZATION_LEVEL = 0;
				GCC_PREPROCESSOR_DEFINITIONS = (
					"DEBUG=1",
					"$(inherited)",
				);
				GCC_WARN_64_TO_32_BIT_CONVERSION = YES;
				GCC_WARN_ABOUT_RETURN_TYPE = YES_ERROR;
				GCC_WARN_UNDECLARED_SELECTOR = YES;
				GCC_WARN_UNINITIALIZED_AUTOS = YES_AGGRESSIVE;
				GCC_WARN_UNUSED_FUNCTION = YES;
				GCC_WARN_UNUSED_VARIABLE = YES;
				IPHONEOS_DEPLOYMENT_TARGET = 13.2;
				MTL_ENABLE_DEBUG_INFO = INCLUDE_SOURCE;
				MTL_FAST_MATH = YES;
				ONLY_ACTIVE_ARCH = YES;
				SDKROOT = iphoneos;
				SWIFT_ACTIVE_COMPILATION_CONDITIONS = DEBUG;
				SWIFT_OPTIMIZATION_LEVEL = "-Onone";
			};
			name = Debug;
		};
		94277D4923C2FE6C00637C7F /* Release */ = {
			isa = XCBuildConfiguration;
			buildSettings = {
				ALWAYS_SEARCH_USER_PATHS = NO;
				CLANG_ANALYZER_NONNULL = YES;
				CLANG_ANALYZER_NUMBER_OBJECT_CONVERSION = YES_AGGRESSIVE;
				CLANG_CXX_LANGUAGE_STANDARD = "gnu++14";
				CLANG_CXX_LIBRARY = "libc++";
				CLANG_ENABLE_MODULES = YES;
				CLANG_ENABLE_OBJC_ARC = YES;
				CLANG_ENABLE_OBJC_WEAK = YES;
				CLANG_WARN_BLOCK_CAPTURE_AUTORELEASING = YES;
				CLANG_WARN_BOOL_CONVERSION = YES;
				CLANG_WARN_COMMA = YES;
				CLANG_WARN_CONSTANT_CONVERSION = YES;
				CLANG_WARN_DEPRECATED_OBJC_IMPLEMENTATIONS = YES;
				CLANG_WARN_DIRECT_OBJC_ISA_USAGE = YES_ERROR;
				CLANG_WARN_DOCUMENTATION_COMMENTS = YES;
				CLANG_WARN_EMPTY_BODY = YES;
				CLANG_WARN_ENUM_CONVERSION = YES;
				CLANG_WARN_INFINITE_RECURSION = YES;
				CLANG_WARN_INT_CONVERSION = YES;
				CLANG_WARN_NON_LITERAL_NULL_CONVERSION = YES;
				CLANG_WARN_OBJC_IMPLICIT_RETAIN_SELF = YES;
				CLANG_WARN_OBJC_LITERAL_CONVERSION = YES;
				CLANG_WARN_OBJC_ROOT_CLASS = YES_ERROR;
				CLANG_WARN_RANGE_LOOP_ANALYSIS = YES;
				CLANG_WARN_STRICT_PROTOTYPES = YES;
				CLANG_WARN_SUSPICIOUS_MOVE = YES;
				CLANG_WARN_UNGUARDED_AVAILABILITY = YES_AGGRESSIVE;
				CLANG_WARN_UNREACHABLE_CODE = YES;
				CLANG_WARN__DUPLICATE_METHOD_MATCH = YES;
				COPY_PHASE_STRIP = NO;
				DEBUG_INFORMATION_FORMAT = "dwarf-with-dsym";
				ENABLE_NS_ASSERTIONS = NO;
				ENABLE_STRICT_OBJC_MSGSEND = YES;
				GCC_C_LANGUAGE_STANDARD = gnu11;
				GCC_NO_COMMON_BLOCKS = YES;
				GCC_WARN_64_TO_32_BIT_CONVERSION = YES;
				GCC_WARN_ABOUT_RETURN_TYPE = YES_ERROR;
				GCC_WARN_UNDECLARED_SELECTOR = YES;
				GCC_WARN_UNINITIALIZED_AUTOS = YES_AGGRESSIVE;
				GCC_WARN_UNUSED_FUNCTION = YES;
				GCC_WARN_UNUSED_VARIABLE = YES;
				IPHONEOS_DEPLOYMENT_TARGET = 13.2;
				MTL_ENABLE_DEBUG_INFO = NO;
				MTL_FAST_MATH = YES;
				SDKROOT = iphoneos;
				SWIFT_COMPILATION_MODE = wholemodule;
				SWIFT_OPTIMIZATION_LEVEL = "-O";
				VALIDATE_PRODUCT = YES;
			};
			name = Release;
		};
		94277D4B23C2FE6C00637C7F /* Debug */ = {
			isa = XCBuildConfiguration;
			buildSettings = {
				ASSETCATALOG_COMPILER_APPICON_NAME = AppIcon;
				CODE_SIGN_STYLE = Automatic;
				DEVELOPMENT_TEAM = Z4V4D6Q5VP;
				INFOPLIST_FILE = toDo/Info.plist;
				LD_RUNPATH_SEARCH_PATHS = (
					"$(inherited)",
					"@executable_path/Frameworks",
				);
				PRODUCT_BUNDLE_IDENTIFIER = com.Chakane.toDo;
				PRODUCT_NAME = "$(TARGET_NAME)";
				SWIFT_VERSION = 5.0;
				TARGETED_DEVICE_FAMILY = "1,2";
			};
			name = Debug;
		};
		94277D4C23C2FE6C00637C7F /* Release */ = {
			isa = XCBuildConfiguration;
			buildSettings = {
				ASSETCATALOG_COMPILER_APPICON_NAME = AppIcon;
				CODE_SIGN_STYLE = Automatic;
				DEVELOPMENT_TEAM = Z4V4D6Q5VP;
				INFOPLIST_FILE = toDo/Info.plist;
				LD_RUNPATH_SEARCH_PATHS = (
					"$(inherited)",
					"@executable_path/Frameworks",
				);
				PRODUCT_BUNDLE_IDENTIFIER = com.Chakane.toDo;
				PRODUCT_NAME = "$(TARGET_NAME)";
				SWIFT_VERSION = 5.0;
				TARGETED_DEVICE_FAMILY = "1,2";
			};
			name = Release;
		};
		94277D4E23C2FE6C00637C7F /* Debug */ = {
			isa = XCBuildConfiguration;
			buildSettings = {
				ALWAYS_EMBED_SWIFT_STANDARD_LIBRARIES = YES;
				BUNDLE_LOADER = "$(TEST_HOST)";
				CODE_SIGN_STYLE = Automatic;
				DEVELOPMENT_TEAM = Z4V4D6Q5VP;
				INFOPLIST_FILE = toDoTests/Info.plist;
				IPHONEOS_DEPLOYMENT_TARGET = 13.2;
				LD_RUNPATH_SEARCH_PATHS = (
					"$(inherited)",
					"@executable_path/Frameworks",
					"@loader_path/Frameworks",
				);
				PRODUCT_BUNDLE_IDENTIFIER = com.Chakane.toDoTests;
				PRODUCT_NAME = "$(TARGET_NAME)";
				SWIFT_VERSION = 5.0;
				TARGETED_DEVICE_FAMILY = "1,2";
				TEST_HOST = "$(BUILT_PRODUCTS_DIR)/toDo.app/toDo";
			};
			name = Debug;
		};
		94277D4F23C2FE6C00637C7F /* Release */ = {
			isa = XCBuildConfiguration;
			buildSettings = {
				ALWAYS_EMBED_SWIFT_STANDARD_LIBRARIES = YES;
				BUNDLE_LOADER = "$(TEST_HOST)";
				CODE_SIGN_STYLE = Automatic;
				DEVELOPMENT_TEAM = Z4V4D6Q5VP;
				INFOPLIST_FILE = toDoTests/Info.plist;
				IPHONEOS_DEPLOYMENT_TARGET = 13.2;
				LD_RUNPATH_SEARCH_PATHS = (
					"$(inherited)",
					"@executable_path/Frameworks",
					"@loader_path/Frameworks",
				);
				PRODUCT_BUNDLE_IDENTIFIER = com.Chakane.toDoTests;
				PRODUCT_NAME = "$(TARGET_NAME)";
				SWIFT_VERSION = 5.0;
				TARGETED_DEVICE_FAMILY = "1,2";
				TEST_HOST = "$(BUILT_PRODUCTS_DIR)/toDo.app/toDo";
			};
			name = Release;
		};
		94277D5123C2FE6C00637C7F /* Debug */ = {
			isa = XCBuildConfiguration;
			buildSettings = {
				ALWAYS_EMBED_SWIFT_STANDARD_LIBRARIES = YES;
				CODE_SIGN_STYLE = Automatic;
				DEVELOPMENT_TEAM = Z4V4D6Q5VP;
				INFOPLIST_FILE = toDoUITests/Info.plist;
				LD_RUNPATH_SEARCH_PATHS = (
					"$(inherited)",
					"@executable_path/Frameworks",
					"@loader_path/Frameworks",
				);
				PRODUCT_BUNDLE_IDENTIFIER = com.Chakane.toDoUITests;
				PRODUCT_NAME = "$(TARGET_NAME)";
				SWIFT_VERSION = 5.0;
				TARGETED_DEVICE_FAMILY = "1,2";
				TEST_TARGET_NAME = toDo;
			};
			name = Debug;
		};
		94277D5223C2FE6C00637C7F /* Release */ = {
			isa = XCBuildConfiguration;
			buildSettings = {
				ALWAYS_EMBED_SWIFT_STANDARD_LIBRARIES = YES;
				CODE_SIGN_STYLE = Automatic;
				DEVELOPMENT_TEAM = Z4V4D6Q5VP;
				INFOPLIST_FILE = toDoUITests/Info.plist;
				LD_RUNPATH_SEARCH_PATHS = (
					"$(inherited)",
					"@executable_path/Frameworks",
					"@loader_path/Frameworks",
				);
				PRODUCT_BUNDLE_IDENTIFIER = com.Chakane.toDoUITests;
				PRODUCT_NAME = "$(TARGET_NAME)";
				SWIFT_VERSION = 5.0;
				TARGETED_DEVICE_FAMILY = "1,2";
				TEST_TARGET_NAME = toDo;
			};
			name = Release;
		};
/* End XCBuildConfiguration section */

/* Begin XCConfigurationList section */
		94277D1B23C2FE6600637C7F /* Build configuration list for PBXProject "toDo" */ = {
			isa = XCConfigurationList;
			buildConfigurations = (
				94277D4823C2FE6C00637C7F /* Debug */,
				94277D4923C2FE6C00637C7F /* Release */,
			);
			defaultConfigurationIsVisible = 0;
			defaultConfigurationName = Release;
		};
		94277D4A23C2FE6C00637C7F /* Build configuration list for PBXNativeTarget "toDo" */ = {
			isa = XCConfigurationList;
			buildConfigurations = (
				94277D4B23C2FE6C00637C7F /* Debug */,
				94277D4C23C2FE6C00637C7F /* Release */,
			);
			defaultConfigurationIsVisible = 0;
			defaultConfigurationName = Release;
		};
		94277D4D23C2FE6C00637C7F /* Build configuration list for PBXNativeTarget "toDoTests" */ = {
			isa = XCConfigurationList;
			buildConfigurations = (
				94277D4E23C2FE6C00637C7F /* Debug */,
				94277D4F23C2FE6C00637C7F /* Release */,
			);
			defaultConfigurationIsVisible = 0;
			defaultConfigurationName = Release;
		};
		94277D5023C2FE6C00637C7F /* Build configuration list for PBXNativeTarget "toDoUITests" */ = {
			isa = XCConfigurationList;
			buildConfigurations = (
				94277D5123C2FE6C00637C7F /* Debug */,
				94277D5223C2FE6C00637C7F /* Release */,
			);
			defaultConfigurationIsVisible = 0;
			defaultConfigurationName = Release;
		};
/* End XCConfigurationList section */
	};
	rootObject = 94277D1823C2FE6600637C7F /* Project object */;
}
